# This file is automatically @generated by Cargo.
# It is not intended for manual editing.
version = 3

[[package]]
name = "deep_dep"
version = "0.1.0"

[[package]]
name = "dep"
version = "0.1.0"
dependencies = [
 "deep_dep",
]

[[package]]
name = "toplevel"
version = "0.1.0"
dependencies = [
 "deep_dep",
 "dep",
]
